
Microsoft Visual Studio Solution File, Format Version 12.00
# Visual Studio Version 17
VisualStudioVersion = 17.9.34714.143
MinimumVisualStudioVersion = 10.0.40219.1
Project("{FAE04EC0-301F-11D3-BF4B-00C04F79EFBC}") = "Stack", "Stack\Stack.csproj", "{70D9F5C9-8561-4D3A-A0EE-9F6AAD3F264C}"
EndProject
Global
	GlobalSection(SolutionConfigurationPlatforms) = preSolution
		Debug|Any CPU = Debug|Any CPU
		Release|Any CPU = Release|Any CPU
	EndGlobalSection
	GlobalSection(ProjectConfigurationPlatforms) = postSolution
		{70D9F5C9-8561-4D3A-A0EE-9F6AAD3F264C}.Debug|Any CPU.ActiveCfg = Debug|Any CPU
		{70D9F5C9-8561-4D3A-A0EE-9F6AAD3F264C}.Debug|Any CPU.Build.0 = Debug|Any CPU
		{70D9F5C9-8561-4D3A-A0EE-9F6AAD3F264C}.Release|Any CPU.ActiveCfg = Release|Any CPU
		{70D9F5C9-8561-4D3A-A0EE-9F6AAD3F264C}.Release|Any CPU.Build.0 = Release|Any CPU
	EndGlobalSection
	GlobalSection(SolutionProperties) = preSolution
		HideSolutionNode = FALSE
	EndGlobalSection
	GlobalSection(ExtensibilityGlobals) = postSolution
		SolutionGuid = {BE5ADDD1-F996-4883-AFE2-90D84D401F7A}
	EndGlobalSection
EndGlobal
